{
	"name": "quickstart-wx-cloud",
	"version": "1.0.0",
	"lockfileVersion": 3,
	"requires": true,
	"packages": {
		"": {
			"name": "quickstart-wx-cloud",
			"version": "1.0.0",
			"license": "ISC",
			"dependencies": {
				"@midwayjs/core": "^3.20.4",
				"@midwayjs/decorator": "^3.20.4"
			}
		},
		"node_modules/@midwayjs/core": {
			"version": "3.20.4",
			"resolved": "https://registry.npmmirror.com/@midwayjs/core/-/core-3.20.4.tgz",
			"integrity": "sha512-ePwj5XFAzhJXErKh2TnkGi1B+QsIJdoQpef3i/c4NEeW5bjXfDTaQO02lxq/Ln6h6hVHi9lPN3Qh4sS1ufqJPA==",
			"license": "MIT",
			"dependencies": {
				"@midwayjs/glob": "^1.0.2",
				"class-transformer": "0.5.1",
				"picomatch": "2.3.1",
				"reflect-metadata": "0.2.2"
			},
			"engines": {
				"node": ">=12"
			}
		},
		"node_modules/@midwayjs/decorator": {
			"version": "3.20.4",
			"resolved": "https://registry.npmmirror.com/@midwayjs/decorator/-/decorator-3.20.4.tgz",
			"integrity": "sha512-zdq/MxuGjPYJaYj06sEkaaw1DJCb+tt0zLPiX/7lYKltec8rAAlSi1LF7QTprpnJ61u8frk39yZvZZwgWxBOEg==",
			"dependencies": {
				"@midwayjs/core": "^3.20.4"
			},
			"engines": {
				"node": ">=12"
			}
		},
		"node_modules/@midwayjs/glob": {
			"version": "1.1.1",
			"resolved": "https://registry.npmmirror.com/@midwayjs/glob/-/glob-1.1.1.tgz",
			"integrity": "sha512-xoNU+JdCxE214KQrB0qgs88+Da7KYVICeuTL9VeKwaxZXj6a/PbpmEaH4+5BHLvZRRe78tHGR19+nKZrmMHBJg==",
			"license": "MIT",
			"dependencies": {
				"picomatch": "^2.3.1"
			}
		},
		"node_modules/class-transformer": {
			"version": "0.5.1",
			"resolved": "https://registry.npmmirror.com/class-transformer/-/class-transformer-0.5.1.tgz",
			"integrity": "sha512-SQa1Ws6hUbfC98vKGxZH3KFY0Y1lm5Zm0SY8XX9zbK7FJCyVEac3ATW0RIpwzW+oOfmHE5PMPufDG9hCfoEOMw==",
			"license": "MIT"
		},
		"node_modules/picomatch": {
			"version": "2.3.1",
			"resolved": "https://registry.npmmirror.com/picomatch/-/picomatch-2.3.1.tgz",
			"integrity": "sha512-JU3teHTNjmE2VCGFzuY8EXzCDVwEqB2a8fsIvwaStHhAWJEeVd1o1QD80CU6+ZdEXXSLbSsuLwJjkCBWqRQUVA==",
			"license": "MIT",
			"engines": {
				"node": ">=8.6"
			},
			"funding": {
				"url": "https://github.com/sponsors/jonschlinkert"
			}
		},
		"node_modules/reflect-metadata": {
			"version": "0.2.2",
			"resolved": "https://registry.npmmirror.com/reflect-metadata/-/reflect-metadata-0.2.2.tgz",
			"integrity": "sha512-urBwgfrvVP/eAyXx4hluJivBKzuEbSQs9rKWCrCkbSxNv8mxPcUZKeuoF3Uy4mJl3Lwprp6yy5/39VWigZ4K6Q==",
			"license": "Apache-2.0"
		}
	}
}
